
Microsoft Visual Studio Solution File, Format Version 12.00
# Visual Studio Version 16
VisualStudioVersion = 16.0.29806.167
MinimumVisualStudioVersion = 10.0.40219.1
Project("{FAE04EC0-301F-11D3-BF4B-00C04F79EFBC}") = "GroupingSortingIssue9", "GroupingSortingIssue9\GroupingSortingIssue9.csproj", "{87AF9619-E96B-4931-8271-D4B6A69ADAED}"
EndProject
Global
	GlobalSection(SolutionConfigurationPlatforms) = preSolution
		Debug|Any CPU = Debug|Any CPU
		Release|Any CPU = Release|Any CPU
	EndGlobalSection
	GlobalSection(ProjectConfigurationPlatforms) = postSolution
		{87AF9619-E96B-4931-8271-D4B6A69ADAED}.Debug|Any CPU.ActiveCfg = Debug|Any CPU
		{87AF9619-E96B-4931-8271-D4B6A69ADAED}.Debug|Any CPU.Build.0 = Debug|Any CPU
		{87AF9619-E96B-4931-8271-D4B6A69ADAED}.Release|Any CPU.ActiveCfg = Release|Any CPU
		{87AF9619-E96B-4931-8271-D4B6A69ADAED}.Release|Any CPU.Build.0 = Release|Any CPU
	EndGlobalSection
	GlobalSection(SolutionProperties) = preSolution
		HideSolutionNode = FALSE
	EndGlobalSection
	GlobalSection(ExtensibilityGlobals) = postSolution
		SolutionGuid = {E942C7BF-6518-45FB-B8A2-F14ED0F21765}
	EndGlobalSection
EndGlobal
